<?xml version="1.0" encoding="utf-8"?>
<Project ToolsVersion="4.0" xmlns="http://schemas.microsoft.com/developer/msbuild/2003">
  <ItemGroup>
    <Filter Include="Header Files">
      <UniqueIdentifier>{93995380-89BD-4b04-88EB-625FBE52EBFB}</UniqueIdentifier>
      <Extensions>h;hh;hpp;hxx;hm;inl;inc;ipp;xsd</Extensions>
    </Filter>
    <Filter Include="Header Files\core">
      <UniqueIdentifier>{2599f8c6-7c22-43c4-bb30-f7dff7f1a4dd}</UniqueIdentifier>
    </Filter>
    <Filter Include="Source Files">
      <UniqueIdentifier>{4FC737F1-C7A5-4376-A066-2A32D752A2FF}</UniqueIdentifier>
      <Extensions>cpp;c;cc;cxx;def;odl;idl;hpj;bat;asm;asmx</Extensions>
    </Filter>
    <Filter Include="Source Files\platform">
      <UniqueIdentifier>{a0b0bd87-4be8-47ae-afc5-4afb993d3d1c}</UniqueIdentifier>
    </Filter>
    <Filter Include="Source Files\core">
      <UniqueIdentifier>{f680fb9c-03b3-4b3e-a49f-4c3ccebc5014}</UniqueIdentifier>
    </Filter>
    <Filter Include="Resource Files">
      <UniqueIdentifier>{67DA6AB6-F800-4c08-8B7A-83BB121AAD01}</UniqueIdentifier>
      <Extensions>rc;ico;cur;bmp;dlg;rc2;rct;bin;rgs;gif;jpg;jpeg;jpe;resx;tiff;tif;png;wav;mfcribbon-ms</Extensions>
    </Filter>
    <Filter Include="Header Files\math">
      <UniqueIdentifier>{d9ee0765-3cb4-43c1-b933-e34e22892eb6}</UniqueIdentifier>
    </Filter>
    <Filter Include="Source Files\math">
      <UniqueIdentifier>{b8dc707c-e401-4837-afb5-8eacb20c742d}</UniqueIdentifier>
    </Filter>
    <Filter Include="Header Files\scene">
      <UniqueIdentifier>{4deb69cc-9c7b-4679-bfb1-b623453ee400}</UniqueIdentifier>
    </Filter>
    <Filter Include="Source Files\scene">
      <UniqueIdentifier>{0939c503-c58e-462d-9fb0-11579ab20c82}</UniqueIdentifier>
    </Filter>
    <Filter Include="Header Files\platform">
      <UniqueIdentifier>{048ca4fd-674d-400c-b70e-04b1e19722c9}</UniqueIdentifier>
    </Filter>
    <Filter Include="Header Files\entity">
      <UniqueIdentifier>{bed6a3ed-c7ab-409d-9ce0-249e20b0eb1b}</UniqueIdentifier>
    </Filter>
    <Filter Include="Source Files\entity">
      <UniqueIdentifier>{b3604c4a-7521-419f-9d94-d202852a4a10}</UniqueIdentifier>
    </Filter>
  </ItemGroup>
  <ItemGroup>
    <ClInclude Include="src\platform\window.h">
      <Filter>Header Files\platform</Filter>
    </ClInclude>
    <ClInclude Include="src\core\core_engine.h">
      <Filter>Header Files\core</Filter>
    </ClInclude>
    <ClInclude Include="src\core\render_engine.h">
      <Filter>Header Files\core</Filter>
    </ClInclude>
    <ClInclude Include="src\scene\camera.h">
      <Filter>Header Files\scene</Filter>
    </ClInclude>
    <ClInclude Include="src\math\matrix4f.h">
      <Filter>Header Files\math</Filter>
    </ClInclude>
    <ClInclude Include="src\math\vec2f.h">
      <Filter>Header Files\math</Filter>
    </ClInclude>
    <ClInclude Include="src\math\vec3f.h">
      <Filter>Header Files\math</Filter>
    </ClInclude>
    <ClInclude Include="src\math\vec4f.h">
      <Filter>Header Files\math</Filter>
    </ClInclude>
    <ClInclude Include="src\entity\vertex.h">
      <Filter>Header Files\entity</Filter>
    </ClInclude>
    <ClInclude Include="src\core\oe_context.h">
      <Filter>Header Files\core</Filter>
    </ClInclude>
  </ItemGroup>
  <ItemGroup>
    <ClCompile Include="src\platform\window.cpp">
      <Filter>Source Files\platform</Filter>
    </ClCompile>
    <ClCompile Include="src\core\core_engine.cpp">
      <Filter>Source Files\core</Filter>
    </ClCompile>
    <ClCompile Include="src\core\render_engine.cpp">
      <Filter>Source Files\core</Filter>
    </ClCompile>
    <ClCompile Include="src\scene\camera.cpp">
      <Filter>Source Files\scene</Filter>
    </ClCompile>
    <ClCompile Include="src\math\matrix4f.cpp">
      <Filter>Source Files\math</Filter>
    </ClCompile>
    <ClCompile Include="src\math\vec2f.cpp">
      <Filter>Source Files\math</Filter>
    </ClCompile>
    <ClCompile Include="src\math\vec3f.cpp">
      <Filter>Source Files\math</Filter>
    </ClCompile>
    <ClCompile Include="src\math\vec4f.cpp">
      <Filter>Source Files\math</Filter>
    </ClCompile>
    <ClCompile Include="src\entity\vertex.cpp">
      <Filter>Source Files\entity</Filter>
    </ClCompile>
    <ClCompile Include="src\core\oe_context.cpp">
      <Filter>Source Files</Filter>
    </ClCompile>
  </ItemGroup>
</Project>