<?xml version="1.0" encoding="utf-8"?>
<Project ToolsVersion="4.0" xmlns="http://schemas.microsoft.com/developer/msbuild/2003">
  <ItemGroup>
    <Filter Include="Source Files">
      <UniqueIdentifier>{4FC737F1-C7A5-4376-A066-2A32D752A2FF}</UniqueIdentifier>
      <Extensions>cpp;c;cc;cxx;def;odl;idl;hpj;bat;asm;asmx</Extensions>
    </Filter>
    <Filter Include="Header Files">
      <UniqueIdentifier>{93995380-89BD-4b04-88EB-625FBE52EBFB}</UniqueIdentifier>
      <Extensions>h;hh;hpp;hxx;hm;inl;inc;ipp;xsd</Extensions>
    </Filter>
    <Filter Include="Header Files\context">
      <UniqueIdentifier>{e10e3806-acac-412d-8a24-780f940a18ed}</UniqueIdentifier>
    </Filter>
    <Filter Include="Source Files\context">
      <UniqueIdentifier>{51c4ae8d-47f7-4e2b-84c0-459124e4f7ae}</UniqueIdentifier>
    </Filter>
    <Filter Include="Resource Files">
      <UniqueIdentifier>{382dff94-4375-4d3c-a5e0-5f1348b3f37f}</UniqueIdentifier>
    </Filter>
    <Filter Include="Header Files\device">
      <UniqueIdentifier>{d45546e0-c319-472b-b7cb-107e8cbbd8c1}</UniqueIdentifier>
    </Filter>
    <Filter Include="Source Files\device">
      <UniqueIdentifier>{9dab0554-58c5-496a-9832-fb420dce40cf}</UniqueIdentifier>
    </Filter>
    <Filter Include="Header Files\util">
      <UniqueIdentifier>{43301f1a-c450-42a0-8c37-4b605f233783}</UniqueIdentifier>
    </Filter>
  </ItemGroup>
  <ItemGroup>
    <ClInclude Include="src\vkContext.h">
      <Filter>Header Files\context</Filter>
    </ClInclude>
    <ClInclude Include="src\logicalDevice.h">
      <Filter>Header Files\device</Filter>
    </ClInclude>
    <ClInclude Include="src\physicalDevice.h">
      <Filter>Header Files\device</Filter>
    </ClInclude>
    <ClInclude Include="src\util.h">
      <Filter>Header Files\util</Filter>
    </ClInclude>
  </ItemGroup>
  <ItemGroup>
    <ClCompile Include="src\vkContext.cpp">
      <Filter>Source Files\context</Filter>
    </ClCompile>
    <ClCompile Include="src\logicalDevice.cpp">
      <Filter>Source Files\device</Filter>
    </ClCompile>
    <ClCompile Include="src\physicalDevice.cpp">
      <Filter>Source Files\device</Filter>
    </ClCompile>
  </ItemGroup>
</Project>