<?xml version="1.0" encoding="utf-8"?>
<Project ToolsVersion="4.0" xmlns="http://schemas.microsoft.com/developer/msbuild/2003">
  <ItemGroup>
    <Filter Include="Source Files">
      <UniqueIdentifier>{4FC737F1-C7A5-4376-A066-2A32D752A2FF}</UniqueIdentifier>
      <Extensions>cpp;c;cc;cxx;def;odl;idl;hpj;bat;asm;asmx</Extensions>
    </Filter>
    <Filter Include="Header Files">
      <UniqueIdentifier>{93995380-89BD-4b04-88EB-625FBE52EBFB}</UniqueIdentifier>
      <Extensions>h;hh;hpp;hxx;hm;inl;inc;ipp;xsd</Extensions>
    </Filter>
    <Filter Include="Header Files\context">
      <UniqueIdentifier>{e10e3806-acac-412d-8a24-780f940a18ed}</UniqueIdentifier>
    </Filter>
    <Filter Include="Source Files\context">
      <UniqueIdentifier>{51c4ae8d-47f7-4e2b-84c0-459124e4f7ae}</UniqueIdentifier>
    </Filter>
    <Filter Include="Resource Files">
      <UniqueIdentifier>{382dff94-4375-4d3c-a5e0-5f1348b3f37f}</UniqueIdentifier>
    </Filter>
    <Filter Include="Header Files\device">
      <UniqueIdentifier>{d45546e0-c319-472b-b7cb-107e8cbbd8c1}</UniqueIdentifier>
    </Filter>
    <Filter Include="Source Files\device">
      <UniqueIdentifier>{9dab0554-58c5-496a-9832-fb420dce40cf}</UniqueIdentifier>
    </Filter>
    <Filter Include="Header Files\util">
      <UniqueIdentifier>{43301f1a-c450-42a0-8c37-4b605f233783}</UniqueIdentifier>
    </Filter>
    <Filter Include="Source Files\util">
      <UniqueIdentifier>{7fa897aa-a401-48ae-ad6e-4316c067a63d}</UniqueIdentifier>
    </Filter>
    <Filter Include="Header Files\command">
      <UniqueIdentifier>{103c3c83-848c-4f45-8748-40f8deb4326b}</UniqueIdentifier>
    </Filter>
    <Filter Include="Source Files\command">
      <UniqueIdentifier>{46fdf9ef-4960-4ebf-b76a-af2ae24bd51c}</UniqueIdentifier>
    </Filter>
    <Filter Include="Header Files\descriptor">
      <UniqueIdentifier>{6a47b4d1-576b-4deb-8276-e7dc0d4cf45c}</UniqueIdentifier>
    </Filter>
    <Filter Include="Source Files\descriptor">
      <UniqueIdentifier>{a206c2aa-b86c-47b5-aeb1-07e0e4223c79}</UniqueIdentifier>
    </Filter>
    <Filter Include="Header Files\synchronization">
      <UniqueIdentifier>{e291e089-0678-442c-a5d4-38e13367a9d0}</UniqueIdentifier>
    </Filter>
    <Filter Include="Source Files\synchronization">
      <UniqueIdentifier>{823da4cd-c422-46bf-bdc0-db6abf4961f1}</UniqueIdentifier>
    </Filter>
    <Filter Include="Header Files\framebuffer">
      <UniqueIdentifier>{d9fcbc8e-dc48-43d8-97c3-8eba3aeb28d2}</UniqueIdentifier>
    </Filter>
    <Filter Include="Source Files\framebuffer">
      <UniqueIdentifier>{466b7263-6382-4298-a67a-c5959615b8fd}</UniqueIdentifier>
    </Filter>
    <Filter Include="Header Files\image">
      <UniqueIdentifier>{a9353b5b-4e01-4fa2-9888-22a92094f75a}</UniqueIdentifier>
    </Filter>
    <Filter Include="Source Files\image">
      <UniqueIdentifier>{23a323ad-fc69-4f69-b728-53bff9d4401c}</UniqueIdentifier>
    </Filter>
    <Filter Include="Header Files\memory">
      <UniqueIdentifier>{371768f3-8ecc-487f-870e-4debba4d4ea8}</UniqueIdentifier>
    </Filter>
    <Filter Include="Source Files\memory">
      <UniqueIdentifier>{b58850d0-ae33-4e54-a2e2-16fb5f30f367}</UniqueIdentifier>
    </Filter>
    <Filter Include="Header Files\pipeline">
      <UniqueIdentifier>{b34d26c0-ecad-4b50-ab5d-d0dc2f2d3797}</UniqueIdentifier>
    </Filter>
    <Filter Include="Source Files\pipeline">
      <UniqueIdentifier>{e9daf448-6bd2-41cc-a13d-e87af0c76a22}</UniqueIdentifier>
    </Filter>
  </ItemGroup>
  <ItemGroup>
    <ClInclude Include="src\logicalDevice.h">
      <Filter>Header Files\device</Filter>
    </ClInclude>
    <ClInclude Include="src\physicalDevice.h">
      <Filter>Header Files\device</Filter>
    </ClInclude>
    <ClInclude Include="src\util.h">
      <Filter>Header Files\util</Filter>
    </ClInclude>
    <ClInclude Include="src\vk_context.h">
      <Filter>Header Files\context</Filter>
    </ClInclude>
    <ClInclude Include="src\commandbuffer.h">
      <Filter>Header Files\command</Filter>
    </ClInclude>
    <ClInclude Include="src\submit_info.h">
      <Filter>Header Files\command</Filter>
    </ClInclude>
    <ClInclude Include="src\descriptor_set.h">
      <Filter>Header Files\descriptor</Filter>
    </ClInclude>
    <ClInclude Include="src\descriptor_set_layout.h">
      <Filter>Header Files\descriptor</Filter>
    </ClInclude>
    <ClInclude Include="src\descriptor_pool.h">
      <Filter>Header Files\descriptor</Filter>
    </ClInclude>
    <ClInclude Include="src\command_pool.h">
      <Filter>Header Files\command</Filter>
    </ClInclude>
    <ClInclude Include="src\fence.h">
      <Filter>Header Files\synchronization</Filter>
    </ClInclude>
    <ClInclude Include="src\semaphore.h">
      <Filter>Header Files\synchronization</Filter>
    </ClInclude>
    <ClInclude Include="src\framebuffer.h">
      <Filter>Header Files\framebuffer</Filter>
    </ClInclude>
    <ClInclude Include="src\Image.h">
      <Filter>Header Files\image</Filter>
    </ClInclude>
    <ClInclude Include="src\image_view.h">
      <Filter>Header Files\image</Filter>
    </ClInclude>
    <ClInclude Include="src\sampler.h">
      <Filter>Header Files\image</Filter>
    </ClInclude>
    <ClInclude Include="src\buffer.h">
      <Filter>Header Files\memory</Filter>
    </ClInclude>
    <ClInclude Include="src\pipeline.h">
      <Filter>Header Files\pipeline</Filter>
    </ClInclude>
    <ClInclude Include="src\vertex_input.h">
      <Filter>Header Files\pipeline</Filter>
    </ClInclude>
  </ItemGroup>
  <ItemGroup>
    <ClCompile Include="src\logicalDevice.cpp">
      <Filter>Source Files\device</Filter>
    </ClCompile>
    <ClCompile Include="src\physicalDevice.cpp">
      <Filter>Source Files\device</Filter>
    </ClCompile>
    <ClCompile Include="src\vk_context.cpp">
      <Filter>Source Files\context</Filter>
    </ClCompile>
    <ClCompile Include="src\util.cpp">
      <Filter>Source Files\util</Filter>
    </ClCompile>
    <ClCompile Include="src\commandbuffer.cpp">
      <Filter>Source Files\command</Filter>
    </ClCompile>
    <ClCompile Include="src\submit_info.cpp">
      <Filter>Source Files\command</Filter>
    </ClCompile>
    <ClCompile Include="src\descriptor_set.cpp">
      <Filter>Source Files\descriptor</Filter>
    </ClCompile>
    <ClCompile Include="src\descriptor_set_layout.cpp">
      <Filter>Source Files\descriptor</Filter>
    </ClCompile>
    <ClCompile Include="src\descriptor_pool.cpp">
      <Filter>Source Files\descriptor</Filter>
    </ClCompile>
    <ClCompile Include="src\command_pool.cpp">
      <Filter>Source Files\command</Filter>
    </ClCompile>
    <ClCompile Include="src\fence.cpp">
      <Filter>Source Files\synchronization</Filter>
    </ClCompile>
    <ClCompile Include="src\semaphore.cpp">
      <Filter>Source Files\synchronization</Filter>
    </ClCompile>
    <ClCompile Include="src\framebuffer.cpp">
      <Filter>Source Files\framebuffer</Filter>
    </ClCompile>
    <ClCompile Include="src\image.cpp">
      <Filter>Source Files\image</Filter>
    </ClCompile>
    <ClCompile Include="src\image_view.cpp">
      <Filter>Source Files\image</Filter>
    </ClCompile>
    <ClCompile Include="src\sampler.cpp">
      <Filter>Source Files\image</Filter>
    </ClCompile>
    <ClCompile Include="src\buffer.cpp">
      <Filter>Source Files\memory</Filter>
    </ClCompile>
    <ClCompile Include="src\pipeline.cpp">
      <Filter>Source Files\pipeline</Filter>
    </ClCompile>
    <ClCompile Include="src\vertex_input.cpp">
      <Filter>Source Files\pipeline</Filter>
    </ClCompile>
  </ItemGroup>
</Project>